
Microsoft Visual Studio Solution File, Format Version 12.00
# Visual Studio 15
VisualStudioVersion = 15.0.28010.2046
MinimumVisualStudioVersion = 10.0.40219.1
Project("{8BC9CEB8-8B4A-11D0-8D11-00A0C91BC942}") = "Trench Runner", "Trench Runner\Trench Runner.vcxproj", "{56970175-F7CB-49BF-B5AF-277114B53BB9}"
EndProject
Global
	GlobalSection(SolutionConfigurationPlatforms) = preSolution
		Debug|x64 = Debug|x64
		Debug|x86 = Debug|x86
		Release|x64 = Release|x64
		Release|x86 = Release|x86
	EndGlobalSection
	GlobalSection(ProjectConfigurationPlatforms) = postSolution
		{56970175-F7CB-49BF-B5AF-277114B53BB9}.Debug|x64.ActiveCfg = Debug|x64
		{56970175-F7CB-49BF-B5AF-277114B53BB9}.Debug|x64.Build.0 = Debug|x64
		{56970175-F7CB-49BF-B5AF-277114B53BB9}.Debug|x86.ActiveCfg = Debug|Win32
		{56970175-F7CB-49BF-B5AF-277114B53BB9}.Debug|x86.Build.0 = Debug|Win32
		{56970175-F7CB-49BF-B5AF-277114B53BB9}.Release|x64.ActiveCfg = Release|x64
		{56970175-F7CB-49BF-B5AF-277114B53BB9}.Release|x64.Build.0 = Release|x64
		{56970175-F7CB-49BF-B5AF-277114B53BB9}.Release|x86.ActiveCfg = Release|Win32
		{56970175-F7CB-49BF-B5AF-277114B53BB9}.Release|x86.Build.0 = Release|Win32
	EndGlobalSection
	GlobalSection(SolutionProperties) = preSolution
		HideSolutionNode = FALSE
	EndGlobalSection
	GlobalSection(ExtensibilityGlobals) = postSolution
		SolutionGuid = {51C12469-2701-4B93-9EB6-677B9B1FB44D}
	EndGlobalSection
EndGlobal
